
Microsoft Visual Studio Solution File, Format Version 12.00
# Visual Studio Version 17
VisualStudioVersion = 17.5.33414.496
MinimumVisualStudioVersion = 10.0.40219.1
Project("{9A19103F-16F7-4668-BE54-9A1E7A4F7556}") = "SlotMachineLibrary", "SlotMachineLibrary\SlotMachineLibrary.csproj", "{5557C1FC-2BCC-4F0C-A7B5-F35497B73650}"
EndProject
Project("{9A19103F-16F7-4668-BE54-9A1E7A4F7556}") = "WPFSlotMachine", "WPFSlotMachine\WPFSlotMachine.csproj", "{291184DB-E333-4495-B1D8-A8F1E521F5BE}"
EndProject
Project("{FAE04EC0-301F-11D3-BF4B-00C04F79EFBC}") = "ConsoleSlotMachine", "ConsoleSlotMachine\ConsoleSlotMachine.csproj", "{80DE7F41-DB82-4FE5-ADA1-B0D895CCF3C7}"
EndProject
Global
	GlobalSection(SolutionConfigurationPlatforms) = preSolution
		Debug|Any CPU = Debug|Any CPU
		Debug|x64 = Debug|x64
		Debug|x86 = Debug|x86
		Release|Any CPU = Release|Any CPU
		Release|x64 = Release|x64
		Release|x86 = Release|x86
	EndGlobalSection
	GlobalSection(ProjectConfigurationPlatforms) = postSolution
		{5557C1FC-2BCC-4F0C-A7B5-F35497B73650}.Debug|Any CPU.ActiveCfg = Debug|Any CPU
		{5557C1FC-2BCC-4F0C-A7B5-F35497B73650}.Debug|Any CPU.Build.0 = Debug|Any CPU
		{5557C1FC-2BCC-4F0C-A7B5-F35497B73650}.Debug|x64.ActiveCfg = Debug|Any CPU
		{5557C1FC-2BCC-4F0C-A7B5-F35497B73650}.Debug|x64.Build.0 = Debug|Any CPU
		{5557C1FC-2BCC-4F0C-A7B5-F35497B73650}.Debug|x86.ActiveCfg = Debug|Any CPU
		{5557C1FC-2BCC-4F0C-A7B5-F35497B73650}.Debug|x86.Build.0 = Debug|Any CPU
		{5557C1FC-2BCC-4F0C-A7B5-F35497B73650}.Release|Any CPU.ActiveCfg = Release|Any CPU
		{5557C1FC-2BCC-4F0C-A7B5-F35497B73650}.Release|Any CPU.Build.0 = Release|Any CPU
		{5557C1FC-2BCC-4F0C-A7B5-F35497B73650}.Release|x64.ActiveCfg = Release|Any CPU
		{5557C1FC-2BCC-4F0C-A7B5-F35497B73650}.Release|x64.Build.0 = Release|Any CPU
		{5557C1FC-2BCC-4F0C-A7B5-F35497B73650}.Release|x86.ActiveCfg = Release|Any CPU
		{5557C1FC-2BCC-4F0C-A7B5-F35497B73650}.Release|x86.Build.0 = Release|Any CPU
		{291184DB-E333-4495-B1D8-A8F1E521F5BE}.Debug|Any CPU.ActiveCfg = Debug|Any CPU
		{291184DB-E333-4495-B1D8-A8F1E521F5BE}.Debug|Any CPU.Build.0 = Debug|Any CPU
		{291184DB-E333-4495-B1D8-A8F1E521F5BE}.Debug|x64.ActiveCfg = Debug|Any CPU
		{291184DB-E333-4495-B1D8-A8F1E521F5BE}.Debug|x64.Build.0 = Debug|Any CPU
		{291184DB-E333-4495-B1D8-A8F1E521F5BE}.Debug|x86.ActiveCfg = Debug|Any CPU
		{291184DB-E333-4495-B1D8-A8F1E521F5BE}.Debug|x86.Build.0 = Debug|Any CPU
		{291184DB-E333-4495-B1D8-A8F1E521F5BE}.Release|Any CPU.ActiveCfg = Release|Any CPU
		{291184DB-E333-4495-B1D8-A8F1E521F5BE}.Release|Any CPU.Build.0 = Release|Any CPU
		{291184DB-E333-4495-B1D8-A8F1E521F5BE}.Release|x64.ActiveCfg = Release|Any CPU
		{291184DB-E333-4495-B1D8-A8F1E521F5BE}.Release|x64.Build.0 = Release|Any CPU
		{291184DB-E333-4495-B1D8-A8F1E521F5BE}.Release|x86.ActiveCfg = Release|Any CPU
		{291184DB-E333-4495-B1D8-A8F1E521F5BE}.Release|x86.Build.0 = Release|Any CPU
		{80DE7F41-DB82-4FE5-ADA1-B0D895CCF3C7}.Debug|Any CPU.ActiveCfg = Debug|Any CPU
		{80DE7F41-DB82-4FE5-ADA1-B0D895CCF3C7}.Debug|Any CPU.Build.0 = Debug|Any CPU
		{80DE7F41-DB82-4FE5-ADA1-B0D895CCF3C7}.Debug|x64.ActiveCfg = Debug|Any CPU
		{80DE7F41-DB82-4FE5-ADA1-B0D895CCF3C7}.Debug|x64.Build.0 = Debug|Any CPU
		{80DE7F41-DB82-4FE5-ADA1-B0D895CCF3C7}.Debug|x86.ActiveCfg = Debug|Any CPU
		{80DE7F41-DB82-4FE5-ADA1-B0D895CCF3C7}.Debug|x86.Build.0 = Debug|Any CPU
		{80DE7F41-DB82-4FE5-ADA1-B0D895CCF3C7}.Release|Any CPU.ActiveCfg = Release|Any CPU
		{80DE7F41-DB82-4FE5-ADA1-B0D895CCF3C7}.Release|Any CPU.Build.0 = Release|Any CPU
		{80DE7F41-DB82-4FE5-ADA1-B0D895CCF3C7}.Release|x64.ActiveCfg = Release|Any CPU
		{80DE7F41-DB82-4FE5-ADA1-B0D895CCF3C7}.Release|x64.Build.0 = Release|Any CPU
		{80DE7F41-DB82-4FE5-ADA1-B0D895CCF3C7}.Release|x86.ActiveCfg = Release|Any CPU
		{80DE7F41-DB82-4FE5-ADA1-B0D895CCF3C7}.Release|x86.Build.0 = Release|Any CPU
	EndGlobalSection
	GlobalSection(SolutionProperties) = preSolution
		HideSolutionNode = FALSE
	EndGlobalSection
	GlobalSection(ExtensibilityGlobals) = postSolution
		SolutionGuid = {A675686E-73B3-486C-B723-2DAACC8090FB}
	EndGlobalSection
EndGlobal
